// !$*UTF8*$!
{
	archiveVersion = 1;
	classes = {
	};
	objectVersion = 46;
	objects = {

/* Begin PBXBuildFile section */
		7CBC3E911DA12CE300E5386A /* AppDelegate.swift in Sources */ = {isa = PBXBuildFile; fileRef = 7CBC3E901DA12CE300E5386A /* AppDelegate.swift */; };
		7CBC3E931DA12CE300E5386A /* ViewController.swift in Sources */ = {isa = PBXBuildFile; fileRef = 7CBC3E921DA12CE300E5386A /* ViewController.swift */; };
		7CBC3E961DA12CE300E5386A /* Main.storyboard in Resources */ = {isa = PBXBuildFile; fileRef = 7CBC3E941DA12CE300E5386A /* Main.storyboard */; };
		7CBC3E981DA12CE300E5386A /* Assets.xcassets in Resources */ = {isa = PBXBuildFile; fileRef = 7CBC3E971DA12CE300E5386A /* Assets.xcassets */; };
		7CBC3E9B1DA12CE300E5386A /* LaunchScreen.storyboard in Resources */ = {isa = PBXBuildFile; fileRef = 7CBC3E991DA12CE300E5386A /* LaunchScreen.storyboard */; };
		7CBC3EA31DA12CFD00E5386A /* FaceView.swift in Sources */ = {isa = PBXBuildFile; fileRef = 7CBC3EA21DA12CFD00E5386A /* FaceView.swift */; };
/* End PBXBuildFile section */

/* Begin PBXFileReference section */
		7CBC3E8D1DA12CE300E5386A /* FaceIt.app */ = {isa = PBXFileReference; explicitFileType = wrapper.application; includeInIndex = 0; path = FaceIt.app; sourceTree = BUILT_PRODUCTS_DIR; };
		7CBC3E901DA12CE300E5386A /* AppDelegate.swift */ = {isa = PBXFileReference; lastKnownFileType = sourcecode.swift; path = AppDelegate.swift; sourceTree = "<group>"; };
		7CBC3E921DA12CE300E5386A /* ViewController.swift */ = {isa = PBXFileReference; lastKnownFileType = sourcecode.swift; path = ViewController.swift; sourceTree = "<group>"; };
		7CBC3E951DA12CE300E5386A /* Base */ = {isa = PBXFileReference; lastKnownFileType = file.storyboard; name = Base; path = Base.lproj/Main.storyboard; sourceTree = "<group>"; };
		7CBC3E971DA12CE300E5386A /* Assets.xcassets */ = {isa = PBXFileReference; lastKnownFileType = folder.assetcatalog; path = Assets.xcassets; sourceTree = "<group>"; };
		7CBC3E9A1DA12CE300E5386A /* Base */ = {isa = PBXFileReference; lastKnownFileType = file.storyboard; name = Base; path = Base.lproj/LaunchScreen.storyboard; sourceTree = "<group>"; };
		7CBC3E9C1DA12CE300E5386A /* Info.plist */ = {isa = PBXFileReference; lastKnownFileType = text.plist.xml; path = Info.plist; sourceTree = "<group>"; };
		7CBC3EA21DA12CFD00E5386A /* FaceView.swift */ = {isa = PBXFileReference; fileEncoding = 4; lastKnownFileType = sourcecode.swift; name = FaceView.swift; path = ../FaceView.swift; sourceTree = "<group>"; };
/* End PBXFileReference section */

/* Begin PBXFrameworksBuildPhase section */
		7CBC3E8A1DA12CE300E5386A /* Frameworks */ = {
			isa = PBXFrameworksBuildPhase;
			buildActionMask = 2147483647;
			files = (
			);
			runOnlyForDeploymentPostprocessing = 0;
		};
/* End PBXFrameworksBuildPhase section */

/* Begin PBXGroup section */
		7CBC3E841DA12CE300E5386A = {
			isa = PBXGroup;
			children = (
				7CBC3E8F1DA12CE300E5386A /* FaceIt */,
				7CBC3E8E1DA12CE300E5386A /* Products */,
			);
			sourceTree = "<group>";
		};
		7CBC3E8E1DA12CE300E5386A /* Products */ = {
			isa = PBXGroup;
			children = (
				7CBC3E8D1DA12CE300E5386A /* FaceIt.app */,
			);
			name = Products;
			sourceTree = "<group>";
		};
		7CBC3E8F1DA12CE300E5386A /* FaceIt */ = {
			isa = PBXGroup;
			children = (
				7CBC3E901DA12CE300E5386A /* AppDelegate.swift */,
				7CBC3E921DA12CE300E5386A /* ViewController.swift */,
				7CBC3E941DA12CE300E5386A /* Main.storyboard */,
				7CBC3E971DA12CE300E5386A /* Assets.xcassets */,
				7CBC3EA21DA12CFD00E5386A /* FaceView.swift */,
				7CBC3E991DA12CE300E5386A /* LaunchScreen.storyboard */,
				7CBC3E9C1DA12CE300E5386A /* Info.plist */,
			);
			path = FaceIt;
			sourceTree = "<group>";
		};
/* End PBXGroup section */

/* Begin PBXNativeTarget section */
		7CBC3E8C1DA12CE300E5386A /* FaceIt */ = {
			isa = PBXNativeTarget;
			buildConfigurationList = 7CBC3E9F1DA12CE300E5386A /* Build configuration list for PBXNativeTarget "FaceIt" */;
			buildPhases = (
				7CBC3E891DA12CE300E5386A /* Sources */,
				7CBC3E8A1DA12CE300E5386A /* Frameworks */,
				7CBC3E8B1DA12CE300E5386A /* Resources */,
			);
			buildRules = (
			);
			dependencies = (
			);
			name = FaceIt;
			productName = FaceIt;
			productReference = 7CBC3E8D1DA12CE300E5386A /* FaceIt.app */;
			productType = "com.apple.product-type.application";
		};
/* End PBXNativeTarget section */

/* Begin PBXProject section */
		7CBC3E851DA12CE300E5386A /* Project object */ = {
			isa = PBXProject;
			attributes = {
				LastSwiftUpdateCheck = 0800;
				LastUpgradeCheck = 0800;
				ORGANIZATIONNAME = nomadc;
				TargetAttributes = {
					7CBC3E8C1DA12CE300E5386A = {
						CreatedOnToolsVersion = 8.0;
						DevelopmentTeam = 75BXANQCV3;
						ProvisioningStyle = Automatic;
					};
				};
			};
			buildConfigurationList = 7CBC3E881DA12CE300E5386A /* Build configuration list for PBXProject "FaceIt" */;
			compatibilityVersion = "Xcode 3.2";
			developmentRegion = English;
			hasScannedForEncodings = 0;
			knownRegions = (
				en,
				Base,
			);
			mainGroup = 7CBC3E841DA12CE300E5386A;
			productRefGroup = 7CBC3E8E1DA12CE300E5386A /* Products */;
			projectDirPath = "";
			projectRoot = "";
			targets = (
				7CBC3E8C1DA12CE300E5386A /* FaceIt */,
			);
		};
/* End PBXProject section */

/* Begin PBXResourcesBuildPhase section */
		7CBC3E8B1DA12CE300E5386A /* Resources */ = {
			isa = PBXResourcesBuildPhase;
			buildActionMask = 2147483647;
			files = (
				7CBC3E9B1DA12CE300E5386A /* LaunchScreen.storyboard in Resources */,
				7CBC3E981DA12CE300E5386A /* Assets.xcassets in Resources */,
				7CBC3E961DA12CE300E5386A /* Main.storyboard in Resources */,
			);
			runOnlyForDeploymentPostprocessing = 0;
		};
/* End PBXResourcesBuildPhase section */

/* Begin PBXSourcesBuildPhase section */
		7CBC3E891DA12CE300E5386A /* Sources */ = {
			isa = PBXSourcesBuildPhase;
			buildActionMask = 2147483647;
			files = (
				7CBC3E931DA12CE300E5386A /* ViewController.swift in Sources */,
				7CBC3E911DA12CE300E5386A /* AppDelegate.swift in Sources */,
				7CBC3EA31DA12CFD00E5386A /* FaceView.swift in Sources */,
			);
			runOnlyForDeploymentPostprocessing = 0;
		};
/* End PBXSourcesBuildPhase section */

/* Begin PBXVariantGroup section */
		7CBC3E941DA12CE300E5386A /* Main.storyboard */ = {
			isa = PBXVariantGroup;
			children = (
				7CBC3E951DA12CE300E5386A /* Base */,
			);
			name = Main.storyboard;
			sourceTree = "<group>";
		};
		7CBC3E991DA12CE300E5386A /* LaunchScreen.storyboard */ = {
			isa = PBXVariantGroup;
			children = (
				7CBC3E9A1DA12CE300E5386A /* Base */,
			);
			name = LaunchScreen.storyboard;
			sourceTree = "<group>";
		};
/* End PBXVariantGroup section */

/* Begin XCBuildConfiguration section */
		7CBC3E9D1DA12CE300E5386A /* Debug */ = {
			isa = XCBuildConfiguration;
			buildSettings = {
				ALWAYS_SEARCH_USER_PATHS = NO;
				CLANG_ANALYZER_NONNULL = YES;
				CLANG_CXX_LANGUAGE_STANDARD = "gnu++0x";
				CLANG_CXX_LIBRARY = "libc++";
				CLANG_ENABLE_MODULES = YES;
				CLANG_ENABLE_OBJC_ARC = YES;
				CLANG_WARN_BOOL_CONVERSION = YES;
				CLANG_WARN_CONSTANT_CONVERSION = YES;
				CLANG_WARN_DIRECT_OBJC_ISA_USAGE = YES_ERROR;
				CLANG_WARN_DOCUMENTATION_COMMENTS = YES;
				CLANG_WARN_EMPTY_BODY = YES;
				CLANG_WARN_ENUM_CONVERSION = YES;
				CLANG_WARN_INFINITE_RECURSION = YES;
				CLANG_WARN_INT_CONVERSION = YES;
				CLANG_WARN_OBJC_ROOT_CLASS = YES_ERROR;
				CLANG_WARN_SUSPICIOUS_MOVES = YES;
				CLANG_WARN_UNREACHABLE_CODE = YES;
				CLANG_WARN__DUPLICATE_METHOD_MATCH = YES;
				"CODE_SIGN_IDENTITY[sdk=iphoneos*]" = "iPhone Developer";
				COPY_PHASE_STRIP = NO;
				DEBUG_INFORMATION_FORMAT = dwarf;
				ENABLE_STRICT_OBJC_MSGSEND = YES;
				ENABLE_TESTABILITY = YES;
				GCC_C_LANGUAGE_STANDARD = gnu99;
				GCC_DYNAMIC_NO_PIC = NO;
				GCC_NO_COMMON_BLOCKS = YES;
				GCC_OPTIMIZATION_LEVEL = 0;
				GCC_PREPROCESSOR_DEFINITIONS = (
					"DEBUG=1",
					"$(inherited)",
				);
				GCC_WARN_64_TO_32_BIT_CONVERSION = YES;
				GCC_WARN_ABOUT_RETURN_TYPE = YES_ERROR;
				GCC_WARN_UNDECLARED_SELECTOR = YES;
				GCC_WARN_UNINITIALIZED_AUTOS = YES_AGGRESSIVE;
				GCC_WARN_UNUSED_FUNCTION = YES;
				GCC_WARN_UNUSED_VARIABLE = YES;
				IPHONEOS_DEPLOYMENT_TARGET = 10.0;
				MTL_ENABLE_DEBUG_INFO = YES;
				ONLY_ACTIVE_ARCH = YES;
				SDKROOT = iphoneos;
				SWIFT_ACTIVE_COMPILATION_CONDITIONS = DEBUG;
				SWIFT_OPTIMIZATION_LEVEL = "-Onone";
				TARGETED_DEVICE_FAMILY = "1,2";
			};
			name = Debug;
		};
		7CBC3E9E1DA12CE300E5386A /* Release */ = {
			isa = XCBuildConfiguration;
			buildSettings = {
				ALWAYS_SEARCH_USER_PATHS = NO;
				CLANG_ANALYZER_NONNULL = YES;
				CLANG_CXX_LANGUAGE_STANDARD = "gnu++0x";
				CLANG_CXX_LIBRARY = "libc++";
				CLANG_ENABLE_MODULES = YES;
				CLANG_ENABLE_OBJC_ARC = YES;
				CLANG_WARN_BOOL_CONVERSION = YES;
				CLANG_WARN_CONSTANT_CONVERSION = YES;
				CLANG_WARN_DIRECT_OBJC_ISA_USAGE = YES_ERROR;
				CLANG_WARN_DOCUMENTATION_COMMENTS = YES;
				CLANG_WARN_EMPTY_BODY = YES;
				CLANG_WARN_ENUM_CONVERSION = YES;
				CLANG_WARN_INFINITE_RECURSION = YES;
				CLANG_WARN_INT_CONVERSION = YES;
				CLANG_WARN_OBJC_ROOT_CLASS = YES_ERROR;
				CLANG_WARN_SUSPICIOUS_MOVES = YES;
				CLANG_WARN_UNREACHABLE_CODE = YES;
				CLANG_WARN__DUPLICATE_METHOD_MATCH = YES;
				"CODE_SIGN_IDENTITY[sdk=iphoneos*]" = "iPhone Developer";
				COPY_PHASE_STRIP = NO;
				DEBUG_INFORMATION_FORMAT = "dwarf-with-dsym";
				ENABLE_NS_ASSERTIONS = NO;
				ENABLE_STRICT_OBJC_MSGSEND = YES;
				GCC_C_LANGUAGE_STANDARD = gnu99;
				GCC_NO_COMMON_BLOCKS = YES;
				GCC_WARN_64_TO_32_BIT_CONVERSION = YES;
				GCC_WARN_ABOUT_RETURN_TYPE = YES_ERROR;
				GCC_WARN_UNDECLARED_SELECTOR = YES;
				GCC_WARN_UNINITIALIZED_AUTOS = YES_AGGRESSIVE;
				GCC_WARN_UNUSED_FUNCTION = YES;
				GCC_WARN_UNUSED_VARIABLE = YES;
				IPHONEOS_DEPLOYMENT_TARGET = 10.0;
				MTL_ENABLE_DEBUG_INFO = NO;
				SDKROOT = iphoneos;
				SWIFT_OPTIMIZATION_LEVEL = "-Owholemodule";
				TARGETED_DEVICE_FAMILY = "1,2";
				VALIDATE_PRODUCT = YES;
			};
			name = Release;
		};
		7CBC3EA01DA12CE300E5386A /* Debug */ = {
			isa = XCBuildConfiguration;
			buildSettings = {
				ASSETCATALOG_COMPILER_APPICON_NAME = AppIcon;
				DEVELOPMENT_TEAM = 75BXANQCV3;
				INFOPLIST_FILE = FaceIt/Info.plist;
				LD_RUNPATH_SEARCH_PATHS = "$(inherited) @executable_path/Frameworks";
				PRODUCT_BUNDLE_IDENTIFIER = kr.nomadc.FaceIt;
				PRODUCT_NAME = "$(TARGET_NAME)";
				SWIFT_VERSION = 3.0;
			};
			name = Debug;
		};
		7CBC3EA11DA12CE300E5386A /* Release */ = {
			isa = XCBuildConfiguration;
			buildSettings = {
				ASSETCATALOG_COMPILER_APPICON_NAME = AppIcon;
				DEVELOPMENT_TEAM = 75BXANQCV3;
				INFOPLIST_FILE = FaceIt/Info.plist;
				LD_RUNPATH_SEARCH_PATHS = "$(inherited) @executable_path/Frameworks";
				PRODUCT_BUNDLE_IDENTIFIER = kr.nomadc.FaceIt;
				PRODUCT_NAME = "$(TARGET_NAME)";
				SWIFT_VERSION = 3.0;
			};
			name = Release;
		};
/* End XCBuildConfiguration section */

/* Begin XCConfigurationList section */
		7CBC3E881DA12CE300E5386A /* Build configuration list for PBXProject "FaceIt" */ = {
			isa = XCConfigurationList;
			buildConfigurations = (
				7CBC3E9D1DA12CE300E5386A /* Debug */,
				7CBC3E9E1DA12CE300E5386A /* Release */,
			);
			defaultConfigurationIsVisible = 0;
			defaultConfigurationName = Release;
		};
		7CBC3E9F1DA12CE300E5386A /* Build configuration list for PBXNativeTarget "FaceIt" */ = {
			isa = XCConfigurationList;
			buildConfigurations = (
				7CBC3EA01DA12CE300E5386A /* Debug */,
				7CBC3EA11DA12CE300E5386A /* Release */,
			);
			defaultConfigurationIsVisible = 0;
		};
/* End XCConfigurationList section */
	};
	rootObject = 7CBC3E851DA12CE300E5386A /* Project object */;
}
